
Microsoft Visual Studio Solution File, Format Version 11.00
# Visual Studio 2010
Project("{FAE04EC0-301F-11D3-BF4B-00C04F79EFBC}") = "MVC3NetMagazine", "MVC3NetMagazine\MVC3NetMagazine.csproj", "{6FDBB6CD-0317-4C4E-94AD-002FC7B4615E}"
EndProject
Project("{FAE04EC0-301F-11D3-BF4B-00C04F79EFBC}") = "MVC3NetMagazine.Tests", "MVC3NetMagazine.Tests\MVC3NetMagazine.Tests.csproj", "{857117EF-78F6-4388-ADF5-CE762C703B41}"
EndProject
Global
	GlobalSection(SolutionConfigurationPlatforms) = preSolution
		Debug|Any CPU = Debug|Any CPU
		Release|Any CPU = Release|Any CPU
	EndGlobalSection
	GlobalSection(ProjectConfigurationPlatforms) = postSolution
		{6FDBB6CD-0317-4C4E-94AD-002FC7B4615E}.Debug|Any CPU.ActiveCfg = Debug|Any CPU
		{6FDBB6CD-0317-4C4E-94AD-002FC7B4615E}.Debug|Any CPU.Build.0 = Debug|Any CPU
		{6FDBB6CD-0317-4C4E-94AD-002FC7B4615E}.Release|Any CPU.ActiveCfg = Release|Any CPU
		{6FDBB6CD-0317-4C4E-94AD-002FC7B4615E}.Release|Any CPU.Build.0 = Release|Any CPU
		{857117EF-78F6-4388-ADF5-CE762C703B41}.Debug|Any CPU.ActiveCfg = Debug|Any CPU
		{857117EF-78F6-4388-ADF5-CE762C703B41}.Debug|Any CPU.Build.0 = Debug|Any CPU
		{857117EF-78F6-4388-ADF5-CE762C703B41}.Release|Any CPU.ActiveCfg = Release|Any CPU
		{857117EF-78F6-4388-ADF5-CE762C703B41}.Release|Any CPU.Build.0 = Release|Any CPU
	EndGlobalSection
	GlobalSection(SolutionProperties) = preSolution
		HideSolutionNode = FALSE
	EndGlobalSection
EndGlobal
